# This file is autogenerated, do not edit; changes may be undone by the next 'dep ensure'.


[[projects]]
  name = "github.com/chooie/assert"
  packages = ["."]
  revision = "3e68b9b0b91e1f976269b1dacb9882d6e0c154e9"

[solve-meta]
  analyzer-name = "dep"
  analyzer-version = 1
  inputs-digest = "9a9ab149a97ce3a77dddd5eb0b05bd53734c36e84fec80ead03c44c2ec831a3c"
  solver-name = "gps-cdcl"
  solver-version = 1
