# This file is autogenerated, do not edit; changes may be undone by the next 'dep ensure'.


[[projects]]
  name = "github.com/chooie/assert"
  packages = ["."]
  revision = "f8394482747887dfb65165bb3b0afa1dc9e779ff"

[solve-meta]
  analyzer-name = "dep"
  analyzer-version = 1
  inputs-digest = "9948913d856f08dacad847099abf3c1a51db799e3442ed0ea49129ca877b8992"
  solver-name = "gps-cdcl"
  solver-version = 1
